# This file is autogenerated, do not edit; changes may be undone by the next 'dep ensure'.


[[projects]]
  name = "github.com/esimov/pigo"
  packages = ["core"]
  revision = "6dbb9e779c598e4d166536c5f5d7a85c8f0e0955"
  version = "v1.0.2"

[[projects]]
  name = "github.com/fogleman/gg"
  packages = ["."]
  revision = "a9ff18eccd6d57b3c8576a71a91a04868f62078c"
  version = "v1.1.0"

[[projects]]
  branch = "master"
  name = "github.com/golang/freetype"
  packages = [
    "raster",
    "truetype"
  ]
  revision = "e2365dfdc4a05e4b8299a783240d4a7d5a65d4e4"

[[projects]]
  branch = "master"
  name = "golang.org/x/image"
  packages = [
    "draw",
    "font",
    "font/basicfont",
    "font/plan9font",
    "math/f64",
    "math/fixed"
  ]
  revision = "c73c2afc3b812cdd6385de5a50616511c4a3d458"

[solve-meta]
  analyzer-name = "dep"
  analyzer-version = 1
  inputs-digest = "7ce218806176d7fc463ab23beaeb587ac22f83c94281918e4ef4f30a6dd743e6"
  solver-name = "gps-cdcl"
  solver-version = 1
